
Microsoft Visual Studio Solution File, Format Version 11.00
# Visual Studio 2010
Project("{FAE04EC0-301F-11D3-BF4B-00C04F79EFBC}") = "Assembly-CSharp", "Assembly-CSharp.csproj", "{AA28C63E-E5E9-D902-76F6-DB3C02B13C6B}"
EndProject
Global
	GlobalSection(SolutionConfigurationPlatforms) = preSolution
		Debug|Any CPU = Debug|Any CPU
		Release|Any CPU = Release|Any CPU
	EndGlobalSection
	GlobalSection(ProjectConfigurationPlatforms) = postSolution
		{AA28C63E-E5E9-D902-76F6-DB3C02B13C6B}.Debug|Any CPU.ActiveCfg = Debug|Any CPU
		{AA28C63E-E5E9-D902-76F6-DB3C02B13C6B}.Debug|Any CPU.Build.0 = Debug|Any CPU
		{AA28C63E-E5E9-D902-76F6-DB3C02B13C6B}.Release|Any CPU.ActiveCfg = Release|Any CPU
		{AA28C63E-E5E9-D902-76F6-DB3C02B13C6B}.Release|Any CPU.Build.0 = Release|Any CPU
	EndGlobalSection
	GlobalSection(SolutionProperties) = preSolution
		HideSolutionNode = FALSE
	EndGlobalSection
	GlobalSection(MonoDevelopProperties) = preSolution
		StartupItem = Assembly-CSharp.csproj
	EndGlobalSection
EndGlobal
